
Microsoft Visual Studio Solution File, Format Version 12.00
# Visual Studio Version 17
VisualStudioVersion = 17.3.32929.385
MinimumVisualStudioVersion = 10.0.40219.1
Project("{FAE04EC0-301F-11D3-BF4B-00C04F79EFBC}") = "Russisch_Roulette", "Russisch_Roulette\Russisch_Roulette.csproj", "{11249C30-C24D-490F-8852-91BFC209B6FD}"
EndProject
Global
	GlobalSection(SolutionConfigurationPlatforms) = preSolution
		Debug|Any CPU = Debug|Any CPU
		Release|Any CPU = Release|Any CPU
	EndGlobalSection
	GlobalSection(ProjectConfigurationPlatforms) = postSolution
		{11249C30-C24D-490F-8852-91BFC209B6FD}.Debug|Any CPU.ActiveCfg = Debug|Any CPU
		{11249C30-C24D-490F-8852-91BFC209B6FD}.Debug|Any CPU.Build.0 = Debug|Any CPU
		{11249C30-C24D-490F-8852-91BFC209B6FD}.Release|Any CPU.ActiveCfg = Release|Any CPU
		{11249C30-C24D-490F-8852-91BFC209B6FD}.Release|Any CPU.Build.0 = Release|Any CPU
	EndGlobalSection
	GlobalSection(SolutionProperties) = preSolution
		HideSolutionNode = FALSE
	EndGlobalSection
	GlobalSection(ExtensibilityGlobals) = postSolution
		SolutionGuid = {F0DF676F-8052-4093-880F-D78E2648AF51}
	EndGlobalSection
EndGlobal
